// !$*UTF8*$!
{
	archiveVersion = 1;
	classes = {
	};
	objectVersion = 50;
	objects = {

/* Begin PBXBuildFile section */
		4174735926A0255F00C5604D /* AppDelegate.m in Sources */ = {isa = PBXBuildFile; fileRef = 4174735826A0255F00C5604D /* AppDelegate.m */; };
		4174735C26A0255F00C5604D /* SceneDelegate.m in Sources */ = {isa = PBXBuildFile; fileRef = 4174735B26A0255F00C5604D /* SceneDelegate.m */; };
		4174735F26A0255F00C5604D /* ViewController.m in Sources */ = {isa = PBXBuildFile; fileRef = 4174735E26A0255F00C5604D /* ViewController.m */; };
		4174736426A0256100C5604D /* Assets.xcassets in Resources */ = {isa = PBXBuildFile; fileRef = 4174736326A0256100C5604D /* Assets.xcassets */; };
		4174736726A0256100C5604D /* LaunchScreen.storyboard in Resources */ = {isa = PBXBuildFile; fileRef = 4174736526A0256100C5604D /* LaunchScreen.storyboard */; };
		4174736A26A0256100C5604D /* main.m in Sources */ = {isa = PBXBuildFile; fileRef = 4174736926A0256100C5604D /* main.m */; };
		4174737426A0256200C5604D /* UIApplicationDemoTests.m in Sources */ = {isa = PBXBuildFile; fileRef = 4174737326A0256200C5604D /* UIApplicationDemoTests.m */; };
		4174737F26A0256200C5604D /* UIApplicationDemoUITests.m in Sources */ = {isa = PBXBuildFile; fileRef = 4174737E26A0256200C5604D /* UIApplicationDemoUITests.m */; };
		417473AC26A2ED2E00C5604D /* NewViewController.m in Sources */ = {isa = PBXBuildFile; fileRef = 417473AB26A2ED2E00C5604D /* NewViewController.m */; };
		417473B126A5687900C5604D /* CoreSpotlight.framework in Frameworks */ = {isa = PBXBuildFile; fileRef = 417473B026A5687900C5604D /* CoreSpotlight.framework */; };
/* End PBXBuildFile section */

/* Begin PBXContainerItemProxy section */
		4174737026A0256200C5604D /* PBXContainerItemProxy */ = {
			isa = PBXContainerItemProxy;
			containerPortal = 4174734C26A0255F00C5604D /* Project object */;
			proxyType = 1;
			remoteGlobalIDString = 4174735326A0255F00C5604D;
			remoteInfo = UIApplicationDemo;
		};
		4174737B26A0256200C5604D /* PBXContainerItemProxy */ = {
			isa = PBXContainerItemProxy;
			containerPortal = 4174734C26A0255F00C5604D /* Project object */;
			proxyType = 1;
			remoteGlobalIDString = 4174735326A0255F00C5604D;
			remoteInfo = UIApplicationDemo;
		};
/* End PBXContainerItemProxy section */

/* Begin PBXFileReference section */
		4174735426A0255F00C5604D /* UIApplicationDemo.app */ = {isa = PBXFileReference; explicitFileType = wrapper.application; includeInIndex = 0; path = UIApplicationDemo.app; sourceTree = BUILT_PRODUCTS_DIR; };
		4174735726A0255F00C5604D /* AppDelegate.h */ = {isa = PBXFileReference; lastKnownFileType = sourcecode.c.h; path = AppDelegate.h; sourceTree = "<group>"; };
		4174735826A0255F00C5604D /* AppDelegate.m */ = {isa = PBXFileReference; lastKnownFileType = sourcecode.c.objc; path = AppDelegate.m; sourceTree = "<group>"; };
		4174735A26A0255F00C5604D /* SceneDelegate.h */ = {isa = PBXFileReference; lastKnownFileType = sourcecode.c.h; path = SceneDelegate.h; sourceTree = "<group>"; };
		4174735B26A0255F00C5604D /* SceneDelegate.m */ = {isa = PBXFileReference; lastKnownFileType = sourcecode.c.objc; path = SceneDelegate.m; sourceTree = "<group>"; };
		4174735D26A0255F00C5604D /* ViewController.h */ = {isa = PBXFileReference; lastKnownFileType = sourcecode.c.h; path = ViewController.h; sourceTree = "<group>"; };
		4174735E26A0255F00C5604D /* ViewController.m */ = {isa = PBXFileReference; lastKnownFileType = sourcecode.c.objc; path = ViewController.m; sourceTree = "<group>"; };
		4174736326A0256100C5604D /* Assets.xcassets */ = {isa = PBXFileReference; lastKnownFileType = folder.assetcatalog; path = Assets.xcassets; sourceTree = "<group>"; };
		4174736626A0256100C5604D /* Base */ = {isa = PBXFileReference; lastKnownFileType = file.storyboard; name = Base; path = Base.lproj/LaunchScreen.storyboard; sourceTree = "<group>"; };
		4174736826A0256100C5604D /* Info.plist */ = {isa = PBXFileReference; lastKnownFileType = text.plist.xml; path = Info.plist; sourceTree = "<group>"; };
		4174736926A0256100C5604D /* main.m */ = {isa = PBXFileReference; lastKnownFileType = sourcecode.c.objc; path = main.m; sourceTree = "<group>"; };
		4174736F26A0256200C5604D /* UIApplicationDemoTests.xctest */ = {isa = PBXFileReference; explicitFileType = wrapper.cfbundle; includeInIndex = 0; path = UIApplicationDemoTests.xctest; sourceTree = BUILT_PRODUCTS_DIR; };
		4174737326A0256200C5604D /* UIApplicationDemoTests.m */ = {isa = PBXFileReference; lastKnownFileType = sourcecode.c.objc; path = UIApplicationDemoTests.m; sourceTree = "<group>"; };
		4174737526A0256200C5604D /* Info.plist */ = {isa = PBXFileReference; lastKnownFileType = text.plist.xml; path = Info.plist; sourceTree = "<group>"; };
		4174737A26A0256200C5604D /* UIApplicationDemoUITests.xctest */ = {isa = PBXFileReference; explicitFileType = wrapper.cfbundle; includeInIndex = 0; path = UIApplicationDemoUITests.xctest; sourceTree = BUILT_PRODUCTS_DIR; };
		4174737E26A0256200C5604D /* UIApplicationDemoUITests.m */ = {isa = PBXFileReference; lastKnownFileType = sourcecode.c.objc; path = UIApplicationDemoUITests.m; sourceTree = "<group>"; };
		4174738026A0256200C5604D /* Info.plist */ = {isa = PBXFileReference; lastKnownFileType = text.plist.xml; path = Info.plist; sourceTree = "<group>"; };
		417473AA26A2ED1800C5604D /* NewViewController.h */ = {isa = PBXFileReference; lastKnownFileType = sourcecode.c.h; path = NewViewController.h; sourceTree = "<group>"; };
		417473AB26A2ED2E00C5604D /* NewViewController.m */ = {isa = PBXFileReference; lastKnownFileType = sourcecode.c.objc; path = NewViewController.m; sourceTree = "<group>"; };
		417473B026A5687900C5604D /* CoreSpotlight.framework */ = {isa = PBXFileReference; lastKnownFileType = wrapper.framework; name = CoreSpotlight.framework; path = System/Library/Frameworks/CoreSpotlight.framework; sourceTree = SDKROOT; };
/* End PBXFileReference section */

/* Begin PBXFrameworksBuildPhase section */
		4174735126A0255F00C5604D /* Frameworks */ = {
			isa = PBXFrameworksBuildPhase;
			buildActionMask = 2147483647;
			files = (
				417473B126A5687900C5604D /* CoreSpotlight.framework in Frameworks */,
			);
			runOnlyForDeploymentPostprocessing = 0;
		};
		4174736C26A0256200C5604D /* Frameworks */ = {
			isa = PBXFrameworksBuildPhase;
			buildActionMask = 2147483647;
			files = (
			);
			runOnlyForDeploymentPostprocessing = 0;
		};
		4174737726A0256200C5604D /* Frameworks */ = {
			isa = PBXFrameworksBuildPhase;
			buildActionMask = 2147483647;
			files = (
			);
			runOnlyForDeploymentPostprocessing = 0;
		};
/* End PBXFrameworksBuildPhase section */

/* Begin PBXGroup section */
		4174734B26A0255F00C5604D = {
			isa = PBXGroup;
			children = (
				4174735626A0255F00C5604D /* UIApplicationDemo */,
				4174737226A0256200C5604D /* UIApplicationDemoTests */,
				4174737D26A0256200C5604D /* UIApplicationDemoUITests */,
				4174735526A0255F00C5604D /* Products */,
				417473AF26A5687900C5604D /* Frameworks */,
			);
			sourceTree = "<group>";
		};
		4174735526A0255F00C5604D /* Products */ = {
			isa = PBXGroup;
			children = (
				4174735426A0255F00C5604D /* UIApplicationDemo.app */,
				4174736F26A0256200C5604D /* UIApplicationDemoTests.xctest */,
				4174737A26A0256200C5604D /* UIApplicationDemoUITests.xctest */,
			);
			name = Products;
			sourceTree = "<group>";
		};
		4174735626A0255F00C5604D /* UIApplicationDemo */ = {
			isa = PBXGroup;
			children = (
				4174735726A0255F00C5604D /* AppDelegate.h */,
				4174735826A0255F00C5604D /* AppDelegate.m */,
				4174735A26A0255F00C5604D /* SceneDelegate.h */,
				4174735B26A0255F00C5604D /* SceneDelegate.m */,
				4174735D26A0255F00C5604D /* ViewController.h */,
				4174735E26A0255F00C5604D /* ViewController.m */,
				4174736326A0256100C5604D /* Assets.xcassets */,
				4174736526A0256100C5604D /* LaunchScreen.storyboard */,
				4174736826A0256100C5604D /* Info.plist */,
				4174736926A0256100C5604D /* main.m */,
				417473AA26A2ED1800C5604D /* NewViewController.h */,
				417473AB26A2ED2E00C5604D /* NewViewController.m */,
			);
			path = UIApplicationDemo;
			sourceTree = "<group>";
		};
		4174737226A0256200C5604D /* UIApplicationDemoTests */ = {
			isa = PBXGroup;
			children = (
				4174737326A0256200C5604D /* UIApplicationDemoTests.m */,
				4174737526A0256200C5604D /* Info.plist */,
			);
			path = UIApplicationDemoTests;
			sourceTree = "<group>";
		};
		4174737D26A0256200C5604D /* UIApplicationDemoUITests */ = {
			isa = PBXGroup;
			children = (
				4174737E26A0256200C5604D /* UIApplicationDemoUITests.m */,
				4174738026A0256200C5604D /* Info.plist */,
			);
			path = UIApplicationDemoUITests;
			sourceTree = "<group>";
		};
		417473AF26A5687900C5604D /* Frameworks */ = {
			isa = PBXGroup;
			children = (
				417473B026A5687900C5604D /* CoreSpotlight.framework */,
			);
			name = Frameworks;
			sourceTree = "<group>";
		};
/* End PBXGroup section */

/* Begin PBXNativeTarget section */
		4174735326A0255F00C5604D /* UIApplicationDemo */ = {
			isa = PBXNativeTarget;
			buildConfigurationList = 4174738326A0256200C5604D /* Build configuration list for PBXNativeTarget "UIApplicationDemo" */;
			buildPhases = (
				4174735026A0255F00C5604D /* Sources */,
				4174735126A0255F00C5604D /* Frameworks */,
				4174735226A0255F00C5604D /* Resources */,
			);
			buildRules = (
			);
			dependencies = (
			);
			name = UIApplicationDemo;
			productName = UIApplicationDemo;
			productReference = 4174735426A0255F00C5604D /* UIApplicationDemo.app */;
			productType = "com.apple.product-type.application";
		};
		4174736E26A0256200C5604D /* UIApplicationDemoTests */ = {
			isa = PBXNativeTarget;
			buildConfigurationList = 4174738626A0256200C5604D /* Build configuration list for PBXNativeTarget "UIApplicationDemoTests" */;
			buildPhases = (
				4174736B26A0256200C5604D /* Sources */,
				4174736C26A0256200C5604D /* Frameworks */,
				4174736D26A0256200C5604D /* Resources */,
			);
			buildRules = (
			);
			dependencies = (
				4174737126A0256200C5604D /* PBXTargetDependency */,
			);
			name = UIApplicationDemoTests;
			productName = UIApplicationDemoTests;
			productReference = 4174736F26A0256200C5604D /* UIApplicationDemoTests.xctest */;
			productType = "com.apple.product-type.bundle.unit-test";
		};
		4174737926A0256200C5604D /* UIApplicationDemoUITests */ = {
			isa = PBXNativeTarget;
			buildConfigurationList = 4174738926A0256200C5604D /* Build configuration list for PBXNativeTarget "UIApplicationDemoUITests" */;
			buildPhases = (
				4174737626A0256200C5604D /* Sources */,
				4174737726A0256200C5604D /* Frameworks */,
				4174737826A0256200C5604D /* Resources */,
			);
			buildRules = (
			);
			dependencies = (
				4174737C26A0256200C5604D /* PBXTargetDependency */,
			);
			name = UIApplicationDemoUITests;
			productName = UIApplicationDemoUITests;
			productReference = 4174737A26A0256200C5604D /* UIApplicationDemoUITests.xctest */;
			productType = "com.apple.product-type.bundle.ui-testing";
		};
/* End PBXNativeTarget section */

/* Begin PBXProject section */
		4174734C26A0255F00C5604D /* Project object */ = {
			isa = PBXProject;
			attributes = {
				LastUpgradeCheck = 1250;
				TargetAttributes = {
					4174735326A0255F00C5604D = {
						CreatedOnToolsVersion = 12.5.1;
					};
					4174736E26A0256200C5604D = {
						CreatedOnToolsVersion = 12.5.1;
						TestTargetID = 4174735326A0255F00C5604D;
					};
					4174737926A0256200C5604D = {
						CreatedOnToolsVersion = 12.5.1;
						TestTargetID = 4174735326A0255F00C5604D;
					};
				};
			};
			buildConfigurationList = 4174734F26A0255F00C5604D /* Build configuration list for PBXProject "UIApplicationDemo" */;
			compatibilityVersion = "Xcode 9.3";
			developmentRegion = en;
			hasScannedForEncodings = 0;
			knownRegions = (
				en,
				Base,
			);
			mainGroup = 4174734B26A0255F00C5604D;
			productRefGroup = 4174735526A0255F00C5604D /* Products */;
			projectDirPath = "";
			projectRoot = "";
			targets = (
				4174735326A0255F00C5604D /* UIApplicationDemo */,
				4174736E26A0256200C5604D /* UIApplicationDemoTests */,
				4174737926A0256200C5604D /* UIApplicationDemoUITests */,
			);
		};
/* End PBXProject section */

/* Begin PBXResourcesBuildPhase section */
		4174735226A0255F00C5604D /* Resources */ = {
			isa = PBXResourcesBuildPhase;
			buildActionMask = 2147483647;
			files = (
				4174736726A0256100C5604D /* LaunchScreen.storyboard in Resources */,
				4174736426A0256100C5604D /* Assets.xcassets in Resources */,
			);
			runOnlyForDeploymentPostprocessing = 0;
		};
		4174736D26A0256200C5604D /* Resources */ = {
			isa = PBXResourcesBuildPhase;
			buildActionMask = 2147483647;
			files = (
			);
			runOnlyForDeploymentPostprocessing = 0;
		};
		4174737826A0256200C5604D /* Resources */ = {
			isa = PBXResourcesBuildPhase;
			buildActionMask = 2147483647;
			files = (
			);
			runOnlyForDeploymentPostprocessing = 0;
		};
/* End PBXResourcesBuildPhase section */

/* Begin PBXSourcesBuildPhase section */
		4174735026A0255F00C5604D /* Sources */ = {
			isa = PBXSourcesBuildPhase;
			buildActionMask = 2147483647;
			files = (
				4174735F26A0255F00C5604D /* ViewController.m in Sources */,
				4174735926A0255F00C5604D /* AppDelegate.m in Sources */,
				417473AC26A2ED2E00C5604D /* NewViewController.m in Sources */,
				4174736A26A0256100C5604D /* main.m in Sources */,
				4174735C26A0255F00C5604D /* SceneDelegate.m in Sources */,
			);
			runOnlyForDeploymentPostprocessing = 0;
		};
		4174736B26A0256200C5604D /* Sources */ = {
			isa = PBXSourcesBuildPhase;
			buildActionMask = 2147483647;
			files = (
				4174737426A0256200C5604D /* UIApplicationDemoTests.m in Sources */,
			);
			runOnlyForDeploymentPostprocessing = 0;
		};
		4174737626A0256200C5604D /* Sources */ = {
			isa = PBXSourcesBuildPhase;
			buildActionMask = 2147483647;
			files = (
				4174737F26A0256200C5604D /* UIApplicationDemoUITests.m in Sources */,
			);
			runOnlyForDeploymentPostprocessing = 0;
		};
/* End PBXSourcesBuildPhase section */

/* Begin PBXTargetDependency section */
		4174737126A0256200C5604D /* PBXTargetDependency */ = {
			isa = PBXTargetDependency;
			target = 4174735326A0255F00C5604D /* UIApplicationDemo */;
			targetProxy = 4174737026A0256200C5604D /* PBXContainerItemProxy */;
		};
		4174737C26A0256200C5604D /* PBXTargetDependency */ = {
			isa = PBXTargetDependency;
			target = 4174735326A0255F00C5604D /* UIApplicationDemo */;
			targetProxy = 4174737B26A0256200C5604D /* PBXContainerItemProxy */;
		};
/* End PBXTargetDependency section */

/* Begin PBXVariantGroup section */
		4174736526A0256100C5604D /* LaunchScreen.storyboard */ = {
			isa = PBXVariantGroup;
			children = (
				4174736626A0256100C5604D /* Base */,
			);
			name = LaunchScreen.storyboard;
			sourceTree = "<group>";
		};
/* End PBXVariantGroup section */

/* Begin XCBuildConfiguration section */
		4174738126A0256200C5604D /* Debug */ = {
			isa = XCBuildConfiguration;
			buildSettings = {
				ALWAYS_SEARCH_USER_PATHS = NO;
				CLANG_ANALYZER_NONNULL = YES;
				CLANG_ANALYZER_NUMBER_OBJECT_CONVERSION = YES_AGGRESSIVE;
				CLANG_CXX_LANGUAGE_STANDARD = "gnu++14";
				CLANG_CXX_LIBRARY = "libc++";
				CLANG_ENABLE_MODULES = YES;
				CLANG_ENABLE_OBJC_ARC = YES;
				CLANG_ENABLE_OBJC_WEAK = YES;
				CLANG_WARN_BLOCK_CAPTURE_AUTORELEASING = YES;
				CLANG_WARN_BOOL_CONVERSION = YES;
				CLANG_WARN_COMMA = YES;
				CLANG_WARN_CONSTANT_CONVERSION = YES;
				CLANG_WARN_DEPRECATED_OBJC_IMPLEMENTATIONS = YES;
				CLANG_WARN_DIRECT_OBJC_ISA_USAGE = YES_ERROR;
				CLANG_WARN_DOCUMENTATION_COMMENTS = YES;
				CLANG_WARN_EMPTY_BODY = YES;
				CLANG_WARN_ENUM_CONVERSION = YES;
				CLANG_WARN_INFINITE_RECURSION = YES;
				CLANG_WARN_INT_CONVERSION = YES;
				CLANG_WARN_NON_LITERAL_NULL_CONVERSION = YES;
				CLANG_WARN_OBJC_IMPLICIT_RETAIN_SELF = YES;
				CLANG_WARN_OBJC_LITERAL_CONVERSION = YES;
				CLANG_WARN_OBJC_ROOT_CLASS = YES_ERROR;
				CLANG_WARN_QUOTED_INCLUDE_IN_FRAMEWORK_HEADER = YES;
				CLANG_WARN_RANGE_LOOP_ANALYSIS = YES;
				CLANG_WARN_STRICT_PROTOTYPES = YES;
				CLANG_WARN_SUSPICIOUS_MOVE = YES;
				CLANG_WARN_UNGUARDED_AVAILABILITY = YES_AGGRESSIVE;
				CLANG_WARN_UNREACHABLE_CODE = YES;
				CLANG_WARN__DUPLICATE_METHOD_MATCH = YES;
				COPY_PHASE_STRIP = NO;
				DEBUG_INFORMATION_FORMAT = dwarf;
				ENABLE_STRICT_OBJC_MSGSEND = YES;
				ENABLE_TESTABILITY = YES;
				GCC_C_LANGUAGE_STANDARD = gnu11;
				GCC_DYNAMIC_NO_PIC = NO;
				GCC_NO_COMMON_BLOCKS = YES;
				GCC_OPTIMIZATION_LEVEL = 0;
				GCC_PREPROCESSOR_DEFINITIONS = (
					"DEBUG=1",
					"$(inherited)",
				);
				GCC_WARN_64_TO_32_BIT_CONVERSION = YES;
				GCC_WARN_ABOUT_RETURN_TYPE = YES_ERROR;
				GCC_WARN_UNDECLARED_SELECTOR = YES;
				GCC_WARN_UNINITIALIZED_AUTOS = YES_AGGRESSIVE;
				GCC_WARN_UNUSED_FUNCTION = YES;
				GCC_WARN_UNUSED_VARIABLE = YES;
				IPHONEOS_DEPLOYMENT_TARGET = 14.5;
				MTL_ENABLE_DEBUG_INFO = INCLUDE_SOURCE;
				MTL_FAST_MATH = YES;
				ONLY_ACTIVE_ARCH = YES;
				SDKROOT = iphoneos;
			};
			name = Debug;
		};
		4174738226A0256200C5604D /* Release */ = {
			isa = XCBuildConfiguration;
			buildSettings = {
				ALWAYS_SEARCH_USER_PATHS = NO;
				CLANG_ANALYZER_NONNULL = YES;
				CLANG_ANALYZER_NUMBER_OBJECT_CONVERSION = YES_AGGRESSIVE;
				CLANG_CXX_LANGUAGE_STANDARD = "gnu++14";
				CLANG_CXX_LIBRARY = "libc++";
				CLANG_ENABLE_MODULES = YES;
				CLANG_ENABLE_OBJC_ARC = YES;
				CLANG_ENABLE_OBJC_WEAK = YES;
				CLANG_WARN_BLOCK_CAPTURE_AUTORELEASING = YES;
				CLANG_WARN_BOOL_CONVERSION = YES;
				CLANG_WARN_COMMA = YES;
				CLANG_WARN_CONSTANT_CONVERSION = YES;
				CLANG_WARN_DEPRECATED_OBJC_IMPLEMENTATIONS = YES;
				CLANG_WARN_DIRECT_OBJC_ISA_USAGE = YES_ERROR;
				CLANG_WARN_DOCUMENTATION_COMMENTS = YES;
				CLANG_WARN_EMPTY_BODY = YES;
				CLANG_WARN_ENUM_CONVERSION = YES;
				CLANG_WARN_INFINITE_RECURSION = YES;
				CLANG_WARN_INT_CONVERSION = YES;
				CLANG_WARN_NON_LITERAL_NULL_CONVERSION = YES;
				CLANG_WARN_OBJC_IMPLICIT_RETAIN_SELF = YES;
				CLANG_WARN_OBJC_LITERAL_CONVERSION = YES;
				CLANG_WARN_OBJC_ROOT_CLASS = YES_ERROR;
				CLANG_WARN_QUOTED_INCLUDE_IN_FRAMEWORK_HEADER = YES;
				CLANG_WARN_RANGE_LOOP_ANALYSIS = YES;
				CLANG_WARN_STRICT_PROTOTYPES = YES;
				CLANG_WARN_SUSPICIOUS_MOVE = YES;
				CLANG_WARN_UNGUARDED_AVAILABILITY = YES_AGGRESSIVE;
				CLANG_WARN_UNREACHABLE_CODE = YES;
				CLANG_WARN__DUPLICATE_METHOD_MATCH = YES;
				COPY_PHASE_STRIP = NO;
				DEBUG_INFORMATION_FORMAT = "dwarf-with-dsym";
				ENABLE_NS_ASSERTIONS = NO;
				ENABLE_STRICT_OBJC_MSGSEND = YES;
				GCC_C_LANGUAGE_STANDARD = gnu11;
				GCC_NO_COMMON_BLOCKS = YES;
				GCC_WARN_64_TO_32_BIT_CONVERSION = YES;
				GCC_WARN_ABOUT_RETURN_TYPE = YES_ERROR;
				GCC_WARN_UNDECLARED_SELECTOR = YES;
				GCC_WARN_UNINITIALIZED_AUTOS = YES_AGGRESSIVE;
				GCC_WARN_UNUSED_FUNCTION = YES;
				GCC_WARN_UNUSED_VARIABLE = YES;
				IPHONEOS_DEPLOYMENT_TARGET = 14.5;
				MTL_ENABLE_DEBUG_INFO = NO;
				MTL_FAST_MATH = YES;
				SDKROOT = iphoneos;
				VALIDATE_PRODUCT = YES;
			};
			name = Release;
		};
		4174738426A0256200C5604D /* Debug */ = {
			isa = XCBuildConfiguration;
			buildSettings = {
				ASSETCATALOG_COMPILER_APPICON_NAME = AppIcon;
				ASSETCATALOG_COMPILER_GLOBAL_ACCENT_COLOR_NAME = AccentColor;
				CODE_SIGN_STYLE = Automatic;
				DEVELOPMENT_TEAM = N39684FR7D;
				INFOPLIST_FILE = UIApplicationDemo/Info.plist;
				LD_RUNPATH_SEARCH_PATHS = (
					"$(inherited)",
					"@executable_path/Frameworks",
				);
				PRODUCT_BUNDLE_IDENTIFIER = com.tencent.rambo.UIApplicationDemo;
				PRODUCT_NAME = "$(TARGET_NAME)";
				TARGETED_DEVICE_FAMILY = "1,2";
			};
			name = Debug;
		};
		4174738526A0256200C5604D /* Release */ = {
			isa = XCBuildConfiguration;
			buildSettings = {
				ASSETCATALOG_COMPILER_APPICON_NAME = AppIcon;
				ASSETCATALOG_COMPILER_GLOBAL_ACCENT_COLOR_NAME = AccentColor;
				CODE_SIGN_STYLE = Automatic;
				DEVELOPMENT_TEAM = N39684FR7D;
				INFOPLIST_FILE = UIApplicationDemo/Info.plist;
				LD_RUNPATH_SEARCH_PATHS = (
					"$(inherited)",
					"@executable_path/Frameworks",
				);
				PRODUCT_BUNDLE_IDENTIFIER = com.tencent.rambo.UIApplicationDemo;
				PRODUCT_NAME = "$(TARGET_NAME)";
				TARGETED_DEVICE_FAMILY = "1,2";
			};
			name = Release;
		};
		4174738726A0256200C5604D /* Debug */ = {
			isa = XCBuildConfiguration;
			buildSettings = {
				BUNDLE_LOADER = "$(TEST_HOST)";
				CODE_SIGN_STYLE = Automatic;
				DEVELOPMENT_TEAM = N39684FR7D;
				INFOPLIST_FILE = UIApplicationDemoTests/Info.plist;
				IPHONEOS_DEPLOYMENT_TARGET = 14.5;
				LD_RUNPATH_SEARCH_PATHS = (
					"$(inherited)",
					"@executable_path/Frameworks",
					"@loader_path/Frameworks",
				);
				PRODUCT_BUNDLE_IDENTIFIER = com.tencent.rambo.UIApplicationDemoTests;
				PRODUCT_NAME = "$(TARGET_NAME)";
				TARGETED_DEVICE_FAMILY = "1,2";
				TEST_HOST = "$(BUILT_PRODUCTS_DIR)/UIApplicationDemo.app/UIApplicationDemo";
			};
			name = Debug;
		};
		4174738826A0256200C5604D /* Release */ = {
			isa = XCBuildConfiguration;
			buildSettings = {
				BUNDLE_LOADER = "$(TEST_HOST)";
				CODE_SIGN_STYLE = Automatic;
				DEVELOPMENT_TEAM = N39684FR7D;
				INFOPLIST_FILE = UIApplicationDemoTests/Info.plist;
				IPHONEOS_DEPLOYMENT_TARGET = 14.5;
				LD_RUNPATH_SEARCH_PATHS = (
					"$(inherited)",
					"@executable_path/Frameworks",
					"@loader_path/Frameworks",
				);
				PRODUCT_BUNDLE_IDENTIFIER = com.tencent.rambo.UIApplicationDemoTests;
				PRODUCT_NAME = "$(TARGET_NAME)";
				TARGETED_DEVICE_FAMILY = "1,2";
				TEST_HOST = "$(BUILT_PRODUCTS_DIR)/UIApplicationDemo.app/UIApplicationDemo";
			};
			name = Release;
		};
		4174738A26A0256200C5604D /* Debug */ = {
			isa = XCBuildConfiguration;
			buildSettings = {
				CODE_SIGN_STYLE = Automatic;
				DEVELOPMENT_TEAM = N39684FR7D;
				INFOPLIST_FILE = UIApplicationDemoUITests/Info.plist;
				LD_RUNPATH_SEARCH_PATHS = (
					"$(inherited)",
					"@executable_path/Frameworks",
					"@loader_path/Frameworks",
				);
				PRODUCT_BUNDLE_IDENTIFIER = com.tencent.rambo.UIApplicationDemoUITests;
				PRODUCT_NAME = "$(TARGET_NAME)";
				TARGETED_DEVICE_FAMILY = "1,2";
				TEST_TARGET_NAME = UIApplicationDemo;
			};
			name = Debug;
		};
		4174738B26A0256200C5604D /* Release */ = {
			isa = XCBuildConfiguration;
			buildSettings = {
				CODE_SIGN_STYLE = Automatic;
				DEVELOPMENT_TEAM = N39684FR7D;
				INFOPLIST_FILE = UIApplicationDemoUITests/Info.plist;
				LD_RUNPATH_SEARCH_PATHS = (
					"$(inherited)",
					"@executable_path/Frameworks",
					"@loader_path/Frameworks",
				);
				PRODUCT_BUNDLE_IDENTIFIER = com.tencent.rambo.UIApplicationDemoUITests;
				PRODUCT_NAME = "$(TARGET_NAME)";
				TARGETED_DEVICE_FAMILY = "1,2";
				TEST_TARGET_NAME = UIApplicationDemo;
			};
			name = Release;
		};
/* End XCBuildConfiguration section */

/* Begin XCConfigurationList section */
		4174734F26A0255F00C5604D /* Build configuration list for PBXProject "UIApplicationDemo" */ = {
			isa = XCConfigurationList;
			buildConfigurations = (
				4174738126A0256200C5604D /* Debug */,
				4174738226A0256200C5604D /* Release */,
			);
			defaultConfigurationIsVisible = 0;
			defaultConfigurationName = Release;
		};
		4174738326A0256200C5604D /* Build configuration list for PBXNativeTarget "UIApplicationDemo" */ = {
			isa = XCConfigurationList;
			buildConfigurations = (
				4174738426A0256200C5604D /* Debug */,
				4174738526A0256200C5604D /* Release */,
			);
			defaultConfigurationIsVisible = 0;
			defaultConfigurationName = Release;
		};
		4174738626A0256200C5604D /* Build configuration list for PBXNativeTarget "UIApplicationDemoTests" */ = {
			isa = XCConfigurationList;
			buildConfigurations = (
				4174738726A0256200C5604D /* Debug */,
				4174738826A0256200C5604D /* Release */,
			);
			defaultConfigurationIsVisible = 0;
			defaultConfigurationName = Release;
		};
		4174738926A0256200C5604D /* Build configuration list for PBXNativeTarget "UIApplicationDemoUITests" */ = {
			isa = XCConfigurationList;
			buildConfigurations = (
				4174738A26A0256200C5604D /* Debug */,
				4174738B26A0256200C5604D /* Release */,
			);
			defaultConfigurationIsVisible = 0;
			defaultConfigurationName = Release;
		};
/* End XCConfigurationList section */
	};
	rootObject = 4174734C26A0255F00C5604D /* Project object */;
}
